
Microsoft Visual Studio Solution File, Format Version 12.00
# Visual Studio Version 16
VisualStudioVersion = 25.0.1705.4
MinimumVisualStudioVersion = 10.0.40219.1
Project("{FAE04EC0-301F-11D3-BF4B-00C04F79EFBC}") = "Calculator", "Calculator\Calculator.csproj", "{0408862D-17EE-40C9-92C9-F8F824467363}"
EndProject
Global
	GlobalSection(SolutionConfigurationPlatforms) = preSolution
		Debug|Any CPU = Debug|Any CPU
		Release|Any CPU = Release|Any CPU
	EndGlobalSection
	GlobalSection(ProjectConfigurationPlatforms) = postSolution
		{0408862D-17EE-40C9-92C9-F8F824467363}.Debug|Any CPU.ActiveCfg = Debug|Any CPU
		{0408862D-17EE-40C9-92C9-F8F824467363}.Debug|Any CPU.Build.0 = Debug|Any CPU
		{0408862D-17EE-40C9-92C9-F8F824467363}.Release|Any CPU.ActiveCfg = Release|Any CPU
		{0408862D-17EE-40C9-92C9-F8F824467363}.Release|Any CPU.Build.0 = Release|Any CPU
	EndGlobalSection
	GlobalSection(SolutionProperties) = preSolution
		HideSolutionNode = FALSE
	EndGlobalSection
	GlobalSection(ExtensibilityGlobals) = postSolution
		SolutionGuid = {8D29CBD3-9C62-44F0-B5EB-8FD55DD6E9CE}
	EndGlobalSection
EndGlobal
